
Microsoft Visual Studio Solution File, Format Version 12.00
# Visual Studio Version 17
VisualStudioVersion = 17.10.35027.167
MinimumVisualStudioVersion = 10.0.40219.1
Project("{9A19103F-16F7-4668-BE54-9A1E7A4F7556}") = "ECommerceOutdoor", "ECommerceOutdoor\ECommerceOutdoor.csproj", "{70982B79-86F0-4837-BCA3-448179275C6E}"
EndProject
Project("{FAE04EC0-301F-11D3-BF4B-00C04F79EFBC}") = "DomainLayer", "DomainLayer\DomainLayer.csproj", "{91014297-9003-4E9D-AD92-793FA967553B}"
EndProject
Project("{FAE04EC0-301F-11D3-BF4B-00C04F79EFBC}") = "ServiceLayer", "ServiceLayer\ServiceLayer.csproj", "{8DE20AE7-D875-42D5-A860-B28D370656C7}"
EndProject
Project("{FAE04EC0-301F-11D3-BF4B-00C04F79EFBC}") = "InfrastructureLayer", "InfrastructureLayer\InfrastructureLayer.csproj", "{192F457F-E6FC-4864-9315-5BA786CD507E}"
EndProject
Global
	GlobalSection(SolutionConfigurationPlatforms) = preSolution
		Debug|Any CPU = Debug|Any CPU
		Release|Any CPU = Release|Any CPU
	EndGlobalSection
	GlobalSection(ProjectConfigurationPlatforms) = postSolution
		{70982B79-86F0-4837-BCA3-448179275C6E}.Debug|Any CPU.ActiveCfg = Debug|Any CPU
		{70982B79-86F0-4837-BCA3-448179275C6E}.Debug|Any CPU.Build.0 = Debug|Any CPU
		{70982B79-86F0-4837-BCA3-448179275C6E}.Release|Any CPU.ActiveCfg = Release|Any CPU
		{70982B79-86F0-4837-BCA3-448179275C6E}.Release|Any CPU.Build.0 = Release|Any CPU
		{91014297-9003-4E9D-AD92-793FA967553B}.Debug|Any CPU.ActiveCfg = Debug|Any CPU
		{91014297-9003-4E9D-AD92-793FA967553B}.Debug|Any CPU.Build.0 = Debug|Any CPU
		{91014297-9003-4E9D-AD92-793FA967553B}.Release|Any CPU.ActiveCfg = Release|Any CPU
		{91014297-9003-4E9D-AD92-793FA967553B}.Release|Any CPU.Build.0 = Release|Any CPU
		{8DE20AE7-D875-42D5-A860-B28D370656C7}.Debug|Any CPU.ActiveCfg = Debug|Any CPU
		{8DE20AE7-D875-42D5-A860-B28D370656C7}.Debug|Any CPU.Build.0 = Debug|Any CPU
		{8DE20AE7-D875-42D5-A860-B28D370656C7}.Release|Any CPU.ActiveCfg = Release|Any CPU
		{8DE20AE7-D875-42D5-A860-B28D370656C7}.Release|Any CPU.Build.0 = Release|Any CPU
		{192F457F-E6FC-4864-9315-5BA786CD507E}.Debug|Any CPU.ActiveCfg = Debug|Any CPU
		{192F457F-E6FC-4864-9315-5BA786CD507E}.Debug|Any CPU.Build.0 = Debug|Any CPU
		{192F457F-E6FC-4864-9315-5BA786CD507E}.Release|Any CPU.ActiveCfg = Release|Any CPU
		{192F457F-E6FC-4864-9315-5BA786CD507E}.Release|Any CPU.Build.0 = Release|Any CPU
	EndGlobalSection
	GlobalSection(SolutionProperties) = preSolution
		HideSolutionNode = FALSE
	EndGlobalSection
	GlobalSection(ExtensibilityGlobals) = postSolution
		SolutionGuid = {381E0C18-B8FA-4E2E-A433-B2616DBBCC11}
	EndGlobalSection
EndGlobal
